// !$*UTF8*$!
{
	archiveVersion = 1;
	classes = {
	};
	objectVersion = 51;
	objects = {

/* Begin PBXBuildFile section */
		2F8364EC24B392AD005B4D13 /* LoginViewController.m in Sources */ = {isa = PBXBuildFile; fileRef = 2F8364EB24B392AD005B4D13 /* LoginViewController.m */; };
		2FBF3C5824B38B5E004E0DA8 /* AppDelegate.m in Sources */ = {isa = PBXBuildFile; fileRef = 2FBF3C5724B38B5E004E0DA8 /* AppDelegate.m */; };
		2FBF3C5B24B38B5E004E0DA8 /* SceneDelegate.m in Sources */ = {isa = PBXBuildFile; fileRef = 2FBF3C5A24B38B5E004E0DA8 /* SceneDelegate.m */; };
		2FBF3C6124B38B5E004E0DA8 /* Main.storyboard in Resources */ = {isa = PBXBuildFile; fileRef = 2FBF3C5F24B38B5E004E0DA8 /* Main.storyboard */; };
		2FBF3C6324B38B61004E0DA8 /* Assets.xcassets in Resources */ = {isa = PBXBuildFile; fileRef = 2FBF3C6224B38B61004E0DA8 /* Assets.xcassets */; };
		2FBF3C6624B38B61004E0DA8 /* LaunchScreen.storyboard in Resources */ = {isa = PBXBuildFile; fileRef = 2FBF3C6424B38B61004E0DA8 /* LaunchScreen.storyboard */; };
		2FBF3C6924B38B61004E0DA8 /* main.m in Sources */ = {isa = PBXBuildFile; fileRef = 2FBF3C6824B38B61004E0DA8 /* main.m */; };
		2FBF3C7324B38B61004E0DA8 /* ParseChatTests.m in Sources */ = {isa = PBXBuildFile; fileRef = 2FBF3C7224B38B61004E0DA8 /* ParseChatTests.m */; };
		2FBF3C7E24B38B62004E0DA8 /* ParseChatUITests.m in Sources */ = {isa = PBXBuildFile; fileRef = 2FBF3C7D24B38B62004E0DA8 /* ParseChatUITests.m */; };
		64B72B721892C274F3F3FB83 /* Pods_ParseChatTests.framework in Frameworks */ = {isa = PBXBuildFile; fileRef = 609A55F6CEC1847668044867 /* Pods_ParseChatTests.framework */; };
		85A67F6993D7FC0FBD230B6F /* Pods_ParseChat_ParseChatUITests.framework in Frameworks */ = {isa = PBXBuildFile; fileRef = 89E9A11DBB53AE58ED91941D /* Pods_ParseChat_ParseChatUITests.framework */; };
		AD0C4520D7ED228D81176682 /* Pods_ParseChat.framework in Frameworks */ = {isa = PBXBuildFile; fileRef = 946E7E4EC157556E1787872A /* Pods_ParseChat.framework */; };
/* End PBXBuildFile section */

/* Begin PBXContainerItemProxy section */
		2FBF3C6F24B38B61004E0DA8 /* PBXContainerItemProxy */ = {
			isa = PBXContainerItemProxy;
			containerPortal = 2FBF3C4B24B38B5E004E0DA8 /* Project object */;
			proxyType = 1;
			remoteGlobalIDString = 2FBF3C5224B38B5E004E0DA8;
			remoteInfo = ParseChat;
		};
		2FBF3C7A24B38B62004E0DA8 /* PBXContainerItemProxy */ = {
			isa = PBXContainerItemProxy;
			containerPortal = 2FBF3C4B24B38B5E004E0DA8 /* Project object */;
			proxyType = 1;
			remoteGlobalIDString = 2FBF3C5224B38B5E004E0DA8;
			remoteInfo = ParseChat;
		};
/* End PBXContainerItemProxy section */

/* Begin PBXFileReference section */
		2F8364EA24B392AD005B4D13 /* LoginViewController.h */ = {isa = PBXFileReference; lastKnownFileType = sourcecode.c.h; path = LoginViewController.h; sourceTree = "<group>"; };
		2F8364EB24B392AD005B4D13 /* LoginViewController.m */ = {isa = PBXFileReference; lastKnownFileType = sourcecode.c.objc; path = LoginViewController.m; sourceTree = "<group>"; };
		2FBF3C5324B38B5E004E0DA8 /* ParseChat.app */ = {isa = PBXFileReference; explicitFileType = wrapper.application; includeInIndex = 0; path = ParseChat.app; sourceTree = BUILT_PRODUCTS_DIR; };
		2FBF3C5624B38B5E004E0DA8 /* AppDelegate.h */ = {isa = PBXFileReference; lastKnownFileType = sourcecode.c.h; path = AppDelegate.h; sourceTree = "<group>"; };
		2FBF3C5724B38B5E004E0DA8 /* AppDelegate.m */ = {isa = PBXFileReference; lastKnownFileType = sourcecode.c.objc; path = AppDelegate.m; sourceTree = "<group>"; };
		2FBF3C5924B38B5E004E0DA8 /* SceneDelegate.h */ = {isa = PBXFileReference; lastKnownFileType = sourcecode.c.h; path = SceneDelegate.h; sourceTree = "<group>"; };
		2FBF3C5A24B38B5E004E0DA8 /* SceneDelegate.m */ = {isa = PBXFileReference; lastKnownFileType = sourcecode.c.objc; path = SceneDelegate.m; sourceTree = "<group>"; };
		2FBF3C6024B38B5E004E0DA8 /* Base */ = {isa = PBXFileReference; lastKnownFileType = file.storyboard; name = Base; path = Base.lproj/Main.storyboard; sourceTree = "<group>"; };
		2FBF3C6224B38B61004E0DA8 /* Assets.xcassets */ = {isa = PBXFileReference; lastKnownFileType = folder.assetcatalog; path = Assets.xcassets; sourceTree = "<group>"; };
		2FBF3C6524B38B61004E0DA8 /* Base */ = {isa = PBXFileReference; lastKnownFileType = file.storyboard; name = Base; path = Base.lproj/LaunchScreen.storyboard; sourceTree = "<group>"; };
		2FBF3C6724B38B61004E0DA8 /* Info.plist */ = {isa = PBXFileReference; lastKnownFileType = text.plist.xml; path = Info.plist; sourceTree = "<group>"; };
		2FBF3C6824B38B61004E0DA8 /* main.m */ = {isa = PBXFileReference; lastKnownFileType = sourcecode.c.objc; path = main.m; sourceTree = "<group>"; };
		2FBF3C6E24B38B61004E0DA8 /* ParseChatTests.xctest */ = {isa = PBXFileReference; explicitFileType = wrapper.cfbundle; includeInIndex = 0; path = ParseChatTests.xctest; sourceTree = BUILT_PRODUCTS_DIR; };
		2FBF3C7224B38B61004E0DA8 /* ParseChatTests.m */ = {isa = PBXFileReference; lastKnownFileType = sourcecode.c.objc; path = ParseChatTests.m; sourceTree = "<group>"; };
		2FBF3C7424B38B61004E0DA8 /* Info.plist */ = {isa = PBXFileReference; lastKnownFileType = text.plist.xml; path = Info.plist; sourceTree = "<group>"; };
		2FBF3C7924B38B62004E0DA8 /* ParseChatUITests.xctest */ = {isa = PBXFileReference; explicitFileType = wrapper.cfbundle; includeInIndex = 0; path = ParseChatUITests.xctest; sourceTree = BUILT_PRODUCTS_DIR; };
		2FBF3C7D24B38B62004E0DA8 /* ParseChatUITests.m */ = {isa = PBXFileReference; lastKnownFileType = sourcecode.c.objc; path = ParseChatUITests.m; sourceTree = "<group>"; };
		2FBF3C7F24B38B62004E0DA8 /* Info.plist */ = {isa = PBXFileReference; lastKnownFileType = text.plist.xml; path = Info.plist; sourceTree = "<group>"; };
		3153B10FC1BD192863FB8561 /* Pods-ParseChat.debug.xcconfig */ = {isa = PBXFileReference; includeInIndex = 1; lastKnownFileType = text.xcconfig; name = "Pods-ParseChat.debug.xcconfig"; path = "Target Support Files/Pods-ParseChat/Pods-ParseChat.debug.xcconfig"; sourceTree = "<group>"; };
		609A55F6CEC1847668044867 /* Pods_ParseChatTests.framework */ = {isa = PBXFileReference; explicitFileType = wrapper.framework; includeInIndex = 0; path = Pods_ParseChatTests.framework; sourceTree = BUILT_PRODUCTS_DIR; };
		75C339F3E69541C7643FA257 /* Pods-ParseChatTests.release.xcconfig */ = {isa = PBXFileReference; includeInIndex = 1; lastKnownFileType = text.xcconfig; name = "Pods-ParseChatTests.release.xcconfig"; path = "Target Support Files/Pods-ParseChatTests/Pods-ParseChatTests.release.xcconfig"; sourceTree = "<group>"; };
		886285E7EBF3800529E3F755 /* Pods-ParseChatTests.debug.xcconfig */ = {isa = PBXFileReference; includeInIndex = 1; lastKnownFileType = text.xcconfig; name = "Pods-ParseChatTests.debug.xcconfig"; path = "Target Support Files/Pods-ParseChatTests/Pods-ParseChatTests.debug.xcconfig"; sourceTree = "<group>"; };
		89E9A11DBB53AE58ED91941D /* Pods_ParseChat_ParseChatUITests.framework */ = {isa = PBXFileReference; explicitFileType = wrapper.framework; includeInIndex = 0; path = Pods_ParseChat_ParseChatUITests.framework; sourceTree = BUILT_PRODUCTS_DIR; };
		8B024F2BE38AEE5708DBE660 /* Pods-ParseChat.release.xcconfig */ = {isa = PBXFileReference; includeInIndex = 1; lastKnownFileType = text.xcconfig; name = "Pods-ParseChat.release.xcconfig"; path = "Target Support Files/Pods-ParseChat/Pods-ParseChat.release.xcconfig"; sourceTree = "<group>"; };
		946E7E4EC157556E1787872A /* Pods_ParseChat.framework */ = {isa = PBXFileReference; explicitFileType = wrapper.framework; includeInIndex = 0; path = Pods_ParseChat.framework; sourceTree = BUILT_PRODUCTS_DIR; };
		B52860A6AB1F64096C943712 /* Pods-ParseChat-ParseChatUITests.release.xcconfig */ = {isa = PBXFileReference; includeInIndex = 1; lastKnownFileType = text.xcconfig; name = "Pods-ParseChat-ParseChatUITests.release.xcconfig"; path = "Target Support Files/Pods-ParseChat-ParseChatUITests/Pods-ParseChat-ParseChatUITests.release.xcconfig"; sourceTree = "<group>"; };
		CCA8D60A53B076E6FC8D7842 /* Pods-ParseChat-ParseChatUITests.debug.xcconfig */ = {isa = PBXFileReference; includeInIndex = 1; lastKnownFileType = text.xcconfig; name = "Pods-ParseChat-ParseChatUITests.debug.xcconfig"; path = "Target Support Files/Pods-ParseChat-ParseChatUITests/Pods-ParseChat-ParseChatUITests.debug.xcconfig"; sourceTree = "<group>"; };
/* End PBXFileReference section */

/* Begin PBXFrameworksBuildPhase section */
		2FBF3C5024B38B5E004E0DA8 /* Frameworks */ = {
			isa = PBXFrameworksBuildPhase;
			buildActionMask = 2147483647;
			files = (
				AD0C4520D7ED228D81176682 /* Pods_ParseChat.framework in Frameworks */,
			);
			runOnlyForDeploymentPostprocessing = 0;
		};
		2FBF3C6B24B38B61004E0DA8 /* Frameworks */ = {
			isa = PBXFrameworksBuildPhase;
			buildActionMask = 2147483647;
			files = (
				64B72B721892C274F3F3FB83 /* Pods_ParseChatTests.framework in Frameworks */,
			);
			runOnlyForDeploymentPostprocessing = 0;
		};
		2FBF3C7624B38B62004E0DA8 /* Frameworks */ = {
			isa = PBXFrameworksBuildPhase;
			buildActionMask = 2147483647;
			files = (
				85A67F6993D7FC0FBD230B6F /* Pods_ParseChat_ParseChatUITests.framework in Frameworks */,
			);
			runOnlyForDeploymentPostprocessing = 0;
		};
/* End PBXFrameworksBuildPhase section */

/* Begin PBXGroup section */
		2F8364E724B3905F005B4D13 /* View Controllers */ = {
			isa = PBXGroup;
			children = (
				2F8364EA24B392AD005B4D13 /* LoginViewController.h */,
				2F8364EB24B392AD005B4D13 /* LoginViewController.m */,
			);
			path = "View Controllers";
			sourceTree = "<group>";
		};
		2F8364E824B3908A005B4D13 /* Views */ = {
			isa = PBXGroup;
			children = (
			);
			path = Views;
			sourceTree = "<group>";
		};
		2F8364E924B39091005B4D13 /* Models */ = {
			isa = PBXGroup;
			children = (
			);
			path = Models;
			sourceTree = "<group>";
		};
		2FBF3C4A24B38B5E004E0DA8 = {
			isa = PBXGroup;
			children = (
				2FBF3C5524B38B5E004E0DA8 /* ParseChat */,
				2FBF3C7124B38B61004E0DA8 /* ParseChatTests */,
				2FBF3C7C24B38B62004E0DA8 /* ParseChatUITests */,
				2FBF3C5424B38B5E004E0DA8 /* Products */,
				CB496C63BCF4E3E0B8B75829 /* Pods */,
				41B13B0373FCC1EFA249F113 /* Frameworks */,
			);
			sourceTree = "<group>";
		};
		2FBF3C5424B38B5E004E0DA8 /* Products */ = {
			isa = PBXGroup;
			children = (
				2FBF3C5324B38B5E004E0DA8 /* ParseChat.app */,
				2FBF3C6E24B38B61004E0DA8 /* ParseChatTests.xctest */,
				2FBF3C7924B38B62004E0DA8 /* ParseChatUITests.xctest */,
			);
			name = Products;
			sourceTree = "<group>";
		};
		2FBF3C5524B38B5E004E0DA8 /* ParseChat */ = {
			isa = PBXGroup;
			children = (
				2F8364E924B39091005B4D13 /* Models */,
				2F8364E824B3908A005B4D13 /* Views */,
				2F8364E724B3905F005B4D13 /* View Controllers */,
				2FBF3C5624B38B5E004E0DA8 /* AppDelegate.h */,
				2FBF3C5724B38B5E004E0DA8 /* AppDelegate.m */,
				2FBF3C5924B38B5E004E0DA8 /* SceneDelegate.h */,
				2FBF3C5A24B38B5E004E0DA8 /* SceneDelegate.m */,
				2FBF3C5F24B38B5E004E0DA8 /* Main.storyboard */,
				2FBF3C6224B38B61004E0DA8 /* Assets.xcassets */,
				2FBF3C6424B38B61004E0DA8 /* LaunchScreen.storyboard */,
				2FBF3C6724B38B61004E0DA8 /* Info.plist */,
				2FBF3C6824B38B61004E0DA8 /* main.m */,
			);
			path = ParseChat;
			sourceTree = "<group>";
		};
		2FBF3C7124B38B61004E0DA8 /* ParseChatTests */ = {
			isa = PBXGroup;
			children = (
				2FBF3C7224B38B61004E0DA8 /* ParseChatTests.m */,
				2FBF3C7424B38B61004E0DA8 /* Info.plist */,
			);
			path = ParseChatTests;
			sourceTree = "<group>";
		};
		2FBF3C7C24B38B62004E0DA8 /* ParseChatUITests */ = {
			isa = PBXGroup;
			children = (
				2FBF3C7D24B38B62004E0DA8 /* ParseChatUITests.m */,
				2FBF3C7F24B38B62004E0DA8 /* Info.plist */,
			);
			path = ParseChatUITests;
			sourceTree = "<group>";
		};
		41B13B0373FCC1EFA249F113 /* Frameworks */ = {
			isa = PBXGroup;
			children = (
				946E7E4EC157556E1787872A /* Pods_ParseChat.framework */,
				89E9A11DBB53AE58ED91941D /* Pods_ParseChat_ParseChatUITests.framework */,
				609A55F6CEC1847668044867 /* Pods_ParseChatTests.framework */,
			);
			name = Frameworks;
			sourceTree = "<group>";
		};
		CB496C63BCF4E3E0B8B75829 /* Pods */ = {
			isa = PBXGroup;
			children = (
				3153B10FC1BD192863FB8561 /* Pods-ParseChat.debug.xcconfig */,
				8B024F2BE38AEE5708DBE660 /* Pods-ParseChat.release.xcconfig */,
				CCA8D60A53B076E6FC8D7842 /* Pods-ParseChat-ParseChatUITests.debug.xcconfig */,
				B52860A6AB1F64096C943712 /* Pods-ParseChat-ParseChatUITests.release.xcconfig */,
				886285E7EBF3800529E3F755 /* Pods-ParseChatTests.debug.xcconfig */,
				75C339F3E69541C7643FA257 /* Pods-ParseChatTests.release.xcconfig */,
			);
			path = Pods;
			sourceTree = "<group>";
		};
/* End PBXGroup section */

/* Begin PBXNativeTarget section */
		2FBF3C5224B38B5E004E0DA8 /* ParseChat */ = {
			isa = PBXNativeTarget;
			buildConfigurationList = 2FBF3C8224B38B62004E0DA8 /* Build configuration list for PBXNativeTarget "ParseChat" */;
			buildPhases = (
				EF2F58ED8E922325936C0D8A /* [CP] Check Pods Manifest.lock */,
				2FBF3C4F24B38B5E004E0DA8 /* Sources */,
				2FBF3C5024B38B5E004E0DA8 /* Frameworks */,
				2FBF3C5124B38B5E004E0DA8 /* Resources */,
				DA396923C3A4619521C8B731 /* [CP] Embed Pods Frameworks */,
			);
			buildRules = (
			);
			dependencies = (
			);
			name = ParseChat;
			productName = ParseChat;
			productReference = 2FBF3C5324B38B5E004E0DA8 /* ParseChat.app */;
			productType = "com.apple.product-type.application";
		};
		2FBF3C6D24B38B61004E0DA8 /* ParseChatTests */ = {
			isa = PBXNativeTarget;
			buildConfigurationList = 2FBF3C8524B38B62004E0DA8 /* Build configuration list for PBXNativeTarget "ParseChatTests" */;
			buildPhases = (
				F9109EE21CC284F6E0971E9C /* [CP] Check Pods Manifest.lock */,
				2FBF3C6A24B38B61004E0DA8 /* Sources */,
				2FBF3C6B24B38B61004E0DA8 /* Frameworks */,
				2FBF3C6C24B38B61004E0DA8 /* Resources */,
			);
			buildRules = (
			);
			dependencies = (
				2FBF3C7024B38B61004E0DA8 /* PBXTargetDependency */,
			);
			name = ParseChatTests;
			productName = ParseChatTests;
			productReference = 2FBF3C6E24B38B61004E0DA8 /* ParseChatTests.xctest */;
			productType = "com.apple.product-type.bundle.unit-test";
		};
		2FBF3C7824B38B62004E0DA8 /* ParseChatUITests */ = {
			isa = PBXNativeTarget;
			buildConfigurationList = 2FBF3C8824B38B62004E0DA8 /* Build configuration list for PBXNativeTarget "ParseChatUITests" */;
			buildPhases = (
				F7EC57D2BA6F0C85C3093847 /* [CP] Check Pods Manifest.lock */,
				2FBF3C7524B38B62004E0DA8 /* Sources */,
				2FBF3C7624B38B62004E0DA8 /* Frameworks */,
				2FBF3C7724B38B62004E0DA8 /* Resources */,
				AA9DB5151DD50E81173AC9CF /* [CP] Embed Pods Frameworks */,
			);
			buildRules = (
			);
			dependencies = (
				2FBF3C7B24B38B62004E0DA8 /* PBXTargetDependency */,
			);
			name = ParseChatUITests;
			productName = ParseChatUITests;
			productReference = 2FBF3C7924B38B62004E0DA8 /* ParseChatUITests.xctest */;
			productType = "com.apple.product-type.bundle.ui-testing";
		};
/* End PBXNativeTarget section */

/* Begin PBXProject section */
		2FBF3C4B24B38B5E004E0DA8 /* Project object */ = {
			isa = PBXProject;
			attributes = {
				LastUpgradeCheck = 1150;
				ORGANIZATIONNAME = DiegoRamirez;
				TargetAttributes = {
					2FBF3C5224B38B5E004E0DA8 = {
						CreatedOnToolsVersion = 11.5;
					};
					2FBF3C6D24B38B61004E0DA8 = {
						CreatedOnToolsVersion = 11.5;
						TestTargetID = 2FBF3C5224B38B5E004E0DA8;
					};
					2FBF3C7824B38B62004E0DA8 = {
						CreatedOnToolsVersion = 11.5;
						TestTargetID = 2FBF3C5224B38B5E004E0DA8;
					};
				};
			};
			buildConfigurationList = 2FBF3C4E24B38B5E004E0DA8 /* Build configuration list for PBXProject "ParseChat" */;
			compatibilityVersion = "Xcode 9.3";
			developmentRegion = en;
			hasScannedForEncodings = 0;
			knownRegions = (
				en,
				Base,
			);
			mainGroup = 2FBF3C4A24B38B5E004E0DA8;
			productRefGroup = 2FBF3C5424B38B5E004E0DA8 /* Products */;
			projectDirPath = "";
			projectRoot = "";
			targets = (
				2FBF3C5224B38B5E004E0DA8 /* ParseChat */,
				2FBF3C6D24B38B61004E0DA8 /* ParseChatTests */,
				2FBF3C7824B38B62004E0DA8 /* ParseChatUITests */,
			);
		};
/* End PBXProject section */

/* Begin PBXResourcesBuildPhase section */
		2FBF3C5124B38B5E004E0DA8 /* Resources */ = {
			isa = PBXResourcesBuildPhase;
			buildActionMask = 2147483647;
			files = (
				2FBF3C6624B38B61004E0DA8 /* LaunchScreen.storyboard in Resources */,
				2FBF3C6324B38B61004E0DA8 /* Assets.xcassets in Resources */,
				2FBF3C6124B38B5E004E0DA8 /* Main.storyboard in Resources */,
			);
			runOnlyForDeploymentPostprocessing = 0;
		};
		2FBF3C6C24B38B61004E0DA8 /* Resources */ = {
			isa = PBXResourcesBuildPhase;
			buildActionMask = 2147483647;
			files = (
			);
			runOnlyForDeploymentPostprocessing = 0;
		};
		2FBF3C7724B38B62004E0DA8 /* Resources */ = {
			isa = PBXResourcesBuildPhase;
			buildActionMask = 2147483647;
			files = (
			);
			runOnlyForDeploymentPostprocessing = 0;
		};
/* End PBXResourcesBuildPhase section */

/* Begin PBXShellScriptBuildPhase section */
		AA9DB5151DD50E81173AC9CF /* [CP] Embed Pods Frameworks */ = {
			isa = PBXShellScriptBuildPhase;
			buildActionMask = 2147483647;
			files = (
			);
			inputFileListPaths = (
				"${PODS_ROOT}/Target Support Files/Pods-ParseChat-ParseChatUITests/Pods-ParseChat-ParseChatUITests-frameworks-${CONFIGURATION}-input-files.xcfilelist",
			);
			name = "[CP] Embed Pods Frameworks";
			outputFileListPaths = (
				"${PODS_ROOT}/Target Support Files/Pods-ParseChat-ParseChatUITests/Pods-ParseChat-ParseChatUITests-frameworks-${CONFIGURATION}-output-files.xcfilelist",
			);
			runOnlyForDeploymentPostprocessing = 0;
			shellPath = /bin/sh;
			shellScript = "\"${PODS_ROOT}/Target Support Files/Pods-ParseChat-ParseChatUITests/Pods-ParseChat-ParseChatUITests-frameworks.sh\"\n";
			showEnvVarsInLog = 0;
		};
		DA396923C3A4619521C8B731 /* [CP] Embed Pods Frameworks */ = {
			isa = PBXShellScriptBuildPhase;
			buildActionMask = 2147483647;
			files = (
			);
			inputFileListPaths = (
				"${PODS_ROOT}/Target Support Files/Pods-ParseChat/Pods-ParseChat-frameworks-${CONFIGURATION}-input-files.xcfilelist",
			);
			name = "[CP] Embed Pods Frameworks";
			outputFileListPaths = (
				"${PODS_ROOT}/Target Support Files/Pods-ParseChat/Pods-ParseChat-frameworks-${CONFIGURATION}-output-files.xcfilelist",
			);
			runOnlyForDeploymentPostprocessing = 0;
			shellPath = /bin/sh;
			shellScript = "\"${PODS_ROOT}/Target Support Files/Pods-ParseChat/Pods-ParseChat-frameworks.sh\"\n";
			showEnvVarsInLog = 0;
		};
		EF2F58ED8E922325936C0D8A /* [CP] Check Pods Manifest.lock */ = {
			isa = PBXShellScriptBuildPhase;
			buildActionMask = 2147483647;
			files = (
			);
			inputFileListPaths = (
			);
			inputPaths = (
				"${PODS_PODFILE_DIR_PATH}/Podfile.lock",
				"${PODS_ROOT}/Manifest.lock",
			);
			name = "[CP] Check Pods Manifest.lock";
			outputFileListPaths = (
			);
			outputPaths = (
				"$(DERIVED_FILE_DIR)/Pods-ParseChat-checkManifestLockResult.txt",
			);
			runOnlyForDeploymentPostprocessing = 0;
			shellPath = /bin/sh;
			shellScript = "diff \"${PODS_PODFILE_DIR_PATH}/Podfile.lock\" \"${PODS_ROOT}/Manifest.lock\" > /dev/null\nif [ $? != 0 ] ; then\n    # print error to STDERR\n    echo \"error: The sandbox is not in sync with the Podfile.lock. Run 'pod install' or update your CocoaPods installation.\" >&2\n    exit 1\nfi\n# This output is used by Xcode 'outputs' to avoid re-running this script phase.\necho \"SUCCESS\" > \"${SCRIPT_OUTPUT_FILE_0}\"\n";
			showEnvVarsInLog = 0;
		};
		F7EC57D2BA6F0C85C3093847 /* [CP] Check Pods Manifest.lock */ = {
			isa = PBXShellScriptBuildPhase;
			buildActionMask = 2147483647;
			files = (
			);
			inputFileListPaths = (
			);
			inputPaths = (
				"${PODS_PODFILE_DIR_PATH}/Podfile.lock",
				"${PODS_ROOT}/Manifest.lock",
			);
			name = "[CP] Check Pods Manifest.lock";
			outputFileListPaths = (
			);
			outputPaths = (
				"$(DERIVED_FILE_DIR)/Pods-ParseChat-ParseChatUITests-checkManifestLockResult.txt",
			);
			runOnlyForDeploymentPostprocessing = 0;
			shellPath = /bin/sh;
			shellScript = "diff \"${PODS_PODFILE_DIR_PATH}/Podfile.lock\" \"${PODS_ROOT}/Manifest.lock\" > /dev/null\nif [ $? != 0 ] ; then\n    # print error to STDERR\n    echo \"error: The sandbox is not in sync with the Podfile.lock. Run 'pod install' or update your CocoaPods installation.\" >&2\n    exit 1\nfi\n# This output is used by Xcode 'outputs' to avoid re-running this script phase.\necho \"SUCCESS\" > \"${SCRIPT_OUTPUT_FILE_0}\"\n";
			showEnvVarsInLog = 0;
		};
		F9109EE21CC284F6E0971E9C /* [CP] Check Pods Manifest.lock */ = {
			isa = PBXShellScriptBuildPhase;
			buildActionMask = 2147483647;
			files = (
			);
			inputFileListPaths = (
			);
			inputPaths = (
				"${PODS_PODFILE_DIR_PATH}/Podfile.lock",
				"${PODS_ROOT}/Manifest.lock",
			);
			name = "[CP] Check Pods Manifest.lock";
			outputFileListPaths = (
			);
			outputPaths = (
				"$(DERIVED_FILE_DIR)/Pods-ParseChatTests-checkManifestLockResult.txt",
			);
			runOnlyForDeploymentPostprocessing = 0;
			shellPath = /bin/sh;
			shellScript = "diff \"${PODS_PODFILE_DIR_PATH}/Podfile.lock\" \"${PODS_ROOT}/Manifest.lock\" > /dev/null\nif [ $? != 0 ] ; then\n    # print error to STDERR\n    echo \"error: The sandbox is not in sync with the Podfile.lock. Run 'pod install' or update your CocoaPods installation.\" >&2\n    exit 1\nfi\n# This output is used by Xcode 'outputs' to avoid re-running this script phase.\necho \"SUCCESS\" > \"${SCRIPT_OUTPUT_FILE_0}\"\n";
			showEnvVarsInLog = 0;
		};
/* End PBXShellScriptBuildPhase section */

/* Begin PBXSourcesBuildPhase section */
		2FBF3C4F24B38B5E004E0DA8 /* Sources */ = {
			isa = PBXSourcesBuildPhase;
			buildActionMask = 2147483647;
			files = (
				2F8364EC24B392AD005B4D13 /* LoginViewController.m in Sources */,
				2FBF3C5824B38B5E004E0DA8 /* AppDelegate.m in Sources */,
				2FBF3C6924B38B61004E0DA8 /* main.m in Sources */,
				2FBF3C5B24B38B5E004E0DA8 /* SceneDelegate.m in Sources */,
			);
			runOnlyForDeploymentPostprocessing = 0;
		};
		2FBF3C6A24B38B61004E0DA8 /* Sources */ = {
			isa = PBXSourcesBuildPhase;
			buildActionMask = 2147483647;
			files = (
				2FBF3C7324B38B61004E0DA8 /* ParseChatTests.m in Sources */,
			);
			runOnlyForDeploymentPostprocessing = 0;
		};
		2FBF3C7524B38B62004E0DA8 /* Sources */ = {
			isa = PBXSourcesBuildPhase;
			buildActionMask = 2147483647;
			files = (
				2FBF3C7E24B38B62004E0DA8 /* ParseChatUITests.m in Sources */,
			);
			runOnlyForDeploymentPostprocessing = 0;
		};
/* End PBXSourcesBuildPhase section */

/* Begin PBXTargetDependency section */
		2FBF3C7024B38B61004E0DA8 /* PBXTargetDependency */ = {
			isa = PBXTargetDependency;
			target = 2FBF3C5224B38B5E004E0DA8 /* ParseChat */;
			targetProxy = 2FBF3C6F24B38B61004E0DA8 /* PBXContainerItemProxy */;
		};
		2FBF3C7B24B38B62004E0DA8 /* PBXTargetDependency */ = {
			isa = PBXTargetDependency;
			target = 2FBF3C5224B38B5E004E0DA8 /* ParseChat */;
			targetProxy = 2FBF3C7A24B38B62004E0DA8 /* PBXContainerItemProxy */;
		};
/* End PBXTargetDependency section */

/* Begin PBXVariantGroup section */
		2FBF3C5F24B38B5E004E0DA8 /* Main.storyboard */ = {
			isa = PBXVariantGroup;
			children = (
				2FBF3C6024B38B5E004E0DA8 /* Base */,
			);
			name = Main.storyboard;
			sourceTree = "<group>";
		};
		2FBF3C6424B38B61004E0DA8 /* LaunchScreen.storyboard */ = {
			isa = PBXVariantGroup;
			children = (
				2FBF3C6524B38B61004E0DA8 /* Base */,
			);
			name = LaunchScreen.storyboard;
			sourceTree = "<group>";
		};
/* End PBXVariantGroup section */

/* Begin XCBuildConfiguration section */
		2FBF3C8024B38B62004E0DA8 /* Debug */ = {
			isa = XCBuildConfiguration;
			buildSettings = {
				ALWAYS_SEARCH_USER_PATHS = NO;
				CLANG_ANALYZER_NONNULL = YES;
				CLANG_ANALYZER_NUMBER_OBJECT_CONVERSION = YES_AGGRESSIVE;
				CLANG_CXX_LANGUAGE_STANDARD = "gnu++14";
				CLANG_CXX_LIBRARY = "libc++";
				CLANG_ENABLE_MODULES = YES;
				CLANG_ENABLE_OBJC_ARC = YES;
				CLANG_ENABLE_OBJC_WEAK = YES;
				CLANG_WARN_BLOCK_CAPTURE_AUTORELEASING = YES;
				CLANG_WARN_BOOL_CONVERSION = YES;
				CLANG_WARN_COMMA = YES;
				CLANG_WARN_CONSTANT_CONVERSION = YES;
				CLANG_WARN_DEPRECATED_OBJC_IMPLEMENTATIONS = YES;
				CLANG_WARN_DIRECT_OBJC_ISA_USAGE = YES_ERROR;
				CLANG_WARN_DOCUMENTATION_COMMENTS = YES;
				CLANG_WARN_EMPTY_BODY = YES;
				CLANG_WARN_ENUM_CONVERSION = YES;
				CLANG_WARN_INFINITE_RECURSION = YES;
				CLANG_WARN_INT_CONVERSION = YES;
				CLANG_WARN_NON_LITERAL_NULL_CONVERSION = YES;
				CLANG_WARN_OBJC_IMPLICIT_RETAIN_SELF = YES;
				CLANG_WARN_OBJC_LITERAL_CONVERSION = YES;
				CLANG_WARN_OBJC_ROOT_CLASS = YES_ERROR;
				CLANG_WARN_RANGE_LOOP_ANALYSIS = YES;
				CLANG_WARN_STRICT_PROTOTYPES = YES;
				CLANG_WARN_SUSPICIOUS_MOVE = YES;
				CLANG_WARN_UNGUARDED_AVAILABILITY = YES_AGGRESSIVE;
				CLANG_WARN_UNREACHABLE_CODE = YES;
				CLANG_WARN__DUPLICATE_METHOD_MATCH = YES;
				COPY_PHASE_STRIP = NO;
				DEBUG_INFORMATION_FORMAT = dwarf;
				ENABLE_STRICT_OBJC_MSGSEND = YES;
				ENABLE_TESTABILITY = YES;
				GCC_C_LANGUAGE_STANDARD = gnu11;
				GCC_DYNAMIC_NO_PIC = NO;
				GCC_NO_COMMON_BLOCKS = YES;
				GCC_OPTIMIZATION_LEVEL = 0;
				GCC_PREPROCESSOR_DEFINITIONS = (
					"DEBUG=1",
					"$(inherited)",
				);
				GCC_WARN_64_TO_32_BIT_CONVERSION = YES;
				GCC_WARN_ABOUT_RETURN_TYPE = YES_ERROR;
				GCC_WARN_UNDECLARED_SELECTOR = YES;
				GCC_WARN_UNINITIALIZED_AUTOS = YES_AGGRESSIVE;
				GCC_WARN_UNUSED_FUNCTION = YES;
				GCC_WARN_UNUSED_VARIABLE = YES;
				IPHONEOS_DEPLOYMENT_TARGET = 13.5;
				MTL_ENABLE_DEBUG_INFO = INCLUDE_SOURCE;
				MTL_FAST_MATH = YES;
				ONLY_ACTIVE_ARCH = YES;
				SDKROOT = iphoneos;
			};
			name = Debug;
		};
		2FBF3C8124B38B62004E0DA8 /* Release */ = {
			isa = XCBuildConfiguration;
			buildSettings = {
				ALWAYS_SEARCH_USER_PATHS = NO;
				CLANG_ANALYZER_NONNULL = YES;
				CLANG_ANALYZER_NUMBER_OBJECT_CONVERSION = YES_AGGRESSIVE;
				CLANG_CXX_LANGUAGE_STANDARD = "gnu++14";
				CLANG_CXX_LIBRARY = "libc++";
				CLANG_ENABLE_MODULES = YES;
				CLANG_ENABLE_OBJC_ARC = YES;
				CLANG_ENABLE_OBJC_WEAK = YES;
				CLANG_WARN_BLOCK_CAPTURE_AUTORELEASING = YES;
				CLANG_WARN_BOOL_CONVERSION = YES;
				CLANG_WARN_COMMA = YES;
				CLANG_WARN_CONSTANT_CONVERSION = YES;
				CLANG_WARN_DEPRECATED_OBJC_IMPLEMENTATIONS = YES;
				CLANG_WARN_DIRECT_OBJC_ISA_USAGE = YES_ERROR;
				CLANG_WARN_DOCUMENTATION_COMMENTS = YES;
				CLANG_WARN_EMPTY_BODY = YES;
				CLANG_WARN_ENUM_CONVERSION = YES;
				CLANG_WARN_INFINITE_RECURSION = YES;
				CLANG_WARN_INT_CONVERSION = YES;
				CLANG_WARN_NON_LITERAL_NULL_CONVERSION = YES;
				CLANG_WARN_OBJC_IMPLICIT_RETAIN_SELF = YES;
				CLANG_WARN_OBJC_LITERAL_CONVERSION = YES;
				CLANG_WARN_OBJC_ROOT_CLASS = YES_ERROR;
				CLANG_WARN_RANGE_LOOP_ANALYSIS = YES;
				CLANG_WARN_STRICT_PROTOTYPES = YES;
				CLANG_WARN_SUSPICIOUS_MOVE = YES;
				CLANG_WARN_UNGUARDED_AVAILABILITY = YES_AGGRESSIVE;
				CLANG_WARN_UNREACHABLE_CODE = YES;
				CLANG_WARN__DUPLICATE_METHOD_MATCH = YES;
				COPY_PHASE_STRIP = NO;
				DEBUG_INFORMATION_FORMAT = "dwarf-with-dsym";
				ENABLE_NS_ASSERTIONS = NO;
				ENABLE_STRICT_OBJC_MSGSEND = YES;
				GCC_C_LANGUAGE_STANDARD = gnu11;
				GCC_NO_COMMON_BLOCKS = YES;
				GCC_WARN_64_TO_32_BIT_CONVERSION = YES;
				GCC_WARN_ABOUT_RETURN_TYPE = YES_ERROR;
				GCC_WARN_UNDECLARED_SELECTOR = YES;
				GCC_WARN_UNINITIALIZED_AUTOS = YES_AGGRESSIVE;
				GCC_WARN_UNUSED_FUNCTION = YES;
				GCC_WARN_UNUSED_VARIABLE = YES;
				IPHONEOS_DEPLOYMENT_TARGET = 13.5;
				MTL_ENABLE_DEBUG_INFO = NO;
				MTL_FAST_MATH = YES;
				SDKROOT = iphoneos;
				VALIDATE_PRODUCT = YES;
			};
			name = Release;
		};
		2FBF3C8324B38B62004E0DA8 /* Debug */ = {
			isa = XCBuildConfiguration;
			baseConfigurationReference = 3153B10FC1BD192863FB8561 /* Pods-ParseChat.debug.xcconfig */;
			buildSettings = {
				ASSETCATALOG_COMPILER_APPICON_NAME = AppIcon;
				CODE_SIGN_STYLE = Automatic;
				DEVELOPMENT_TEAM = HJJJ25GZT2;
				INFOPLIST_FILE = ParseChat/Info.plist;
				LD_RUNPATH_SEARCH_PATHS = (
					"$(inherited)",
					"@executable_path/Frameworks",
				);
				PRODUCT_BUNDLE_IDENTIFIER = com.diegojrr.ParseChat;
				PRODUCT_NAME = "$(TARGET_NAME)";
				TARGETED_DEVICE_FAMILY = "1,2";
			};
			name = Debug;
		};
		2FBF3C8424B38B62004E0DA8 /* Release */ = {
			isa = XCBuildConfiguration;
			baseConfigurationReference = 8B024F2BE38AEE5708DBE660 /* Pods-ParseChat.release.xcconfig */;
			buildSettings = {
				ASSETCATALOG_COMPILER_APPICON_NAME = AppIcon;
				CODE_SIGN_STYLE = Automatic;
				DEVELOPMENT_TEAM = HJJJ25GZT2;
				INFOPLIST_FILE = ParseChat/Info.plist;
				LD_RUNPATH_SEARCH_PATHS = (
					"$(inherited)",
					"@executable_path/Frameworks",
				);
				PRODUCT_BUNDLE_IDENTIFIER = com.diegojrr.ParseChat;
				PRODUCT_NAME = "$(TARGET_NAME)";
				TARGETED_DEVICE_FAMILY = "1,2";
			};
			name = Release;
		};
		2FBF3C8624B38B62004E0DA8 /* Debug */ = {
			isa = XCBuildConfiguration;
			baseConfigurationReference = 886285E7EBF3800529E3F755 /* Pods-ParseChatTests.debug.xcconfig */;
			buildSettings = {
				BUNDLE_LOADER = "$(TEST_HOST)";
				CODE_SIGN_STYLE = Automatic;
				INFOPLIST_FILE = ParseChatTests/Info.plist;
				IPHONEOS_DEPLOYMENT_TARGET = 13.5;
				LD_RUNPATH_SEARCH_PATHS = (
					"$(inherited)",
					"@executable_path/Frameworks",
					"@loader_path/Frameworks",
				);
				PRODUCT_BUNDLE_IDENTIFIER = com.diegojrr.ParseChatTests;
				PRODUCT_NAME = "$(TARGET_NAME)";
				TARGETED_DEVICE_FAMILY = "1,2";
				TEST_HOST = "$(BUILT_PRODUCTS_DIR)/ParseChat.app/ParseChat";
			};
			name = Debug;
		};
		2FBF3C8724B38B62004E0DA8 /* Release */ = {
			isa = XCBuildConfiguration;
			baseConfigurationReference = 75C339F3E69541C7643FA257 /* Pods-ParseChatTests.release.xcconfig */;
			buildSettings = {
				BUNDLE_LOADER = "$(TEST_HOST)";
				CODE_SIGN_STYLE = Automatic;
				INFOPLIST_FILE = ParseChatTests/Info.plist;
				IPHONEOS_DEPLOYMENT_TARGET = 13.5;
				LD_RUNPATH_SEARCH_PATHS = (
					"$(inherited)",
					"@executable_path/Frameworks",
					"@loader_path/Frameworks",
				);
				PRODUCT_BUNDLE_IDENTIFIER = com.diegojrr.ParseChatTests;
				PRODUCT_NAME = "$(TARGET_NAME)";
				TARGETED_DEVICE_FAMILY = "1,2";
				TEST_HOST = "$(BUILT_PRODUCTS_DIR)/ParseChat.app/ParseChat";
			};
			name = Release;
		};
		2FBF3C8924B38B62004E0DA8 /* Debug */ = {
			isa = XCBuildConfiguration;
			baseConfigurationReference = CCA8D60A53B076E6FC8D7842 /* Pods-ParseChat-ParseChatUITests.debug.xcconfig */;
			buildSettings = {
				CODE_SIGN_STYLE = Automatic;
				INFOPLIST_FILE = ParseChatUITests/Info.plist;
				LD_RUNPATH_SEARCH_PATHS = (
					"$(inherited)",
					"@executable_path/Frameworks",
					"@loader_path/Frameworks",
				);
				PRODUCT_BUNDLE_IDENTIFIER = com.diegojrr.ParseChatUITests;
				PRODUCT_NAME = "$(TARGET_NAME)";
				TARGETED_DEVICE_FAMILY = "1,2";
				TEST_TARGET_NAME = ParseChat;
			};
			name = Debug;
		};
		2FBF3C8A24B38B62004E0DA8 /* Release */ = {
			isa = XCBuildConfiguration;
			baseConfigurationReference = B52860A6AB1F64096C943712 /* Pods-ParseChat-ParseChatUITests.release.xcconfig */;
			buildSettings = {
				CODE_SIGN_STYLE = Automatic;
				INFOPLIST_FILE = ParseChatUITests/Info.plist;
				LD_RUNPATH_SEARCH_PATHS = (
					"$(inherited)",
					"@executable_path/Frameworks",
					"@loader_path/Frameworks",
				);
				PRODUCT_BUNDLE_IDENTIFIER = com.diegojrr.ParseChatUITests;
				PRODUCT_NAME = "$(TARGET_NAME)";
				TARGETED_DEVICE_FAMILY = "1,2";
				TEST_TARGET_NAME = ParseChat;
			};
			name = Release;
		};
/* End XCBuildConfiguration section */

/* Begin XCConfigurationList section */
		2FBF3C4E24B38B5E004E0DA8 /* Build configuration list for PBXProject "ParseChat" */ = {
			isa = XCConfigurationList;
			buildConfigurations = (
				2FBF3C8024B38B62004E0DA8 /* Debug */,
				2FBF3C8124B38B62004E0DA8 /* Release */,
			);
			defaultConfigurationIsVisible = 0;
			defaultConfigurationName = Release;
		};
		2FBF3C8224B38B62004E0DA8 /* Build configuration list for PBXNativeTarget "ParseChat" */ = {
			isa = XCConfigurationList;
			buildConfigurations = (
				2FBF3C8324B38B62004E0DA8 /* Debug */,
				2FBF3C8424B38B62004E0DA8 /* Release */,
			);
			defaultConfigurationIsVisible = 0;
			defaultConfigurationName = Release;
		};
		2FBF3C8524B38B62004E0DA8 /* Build configuration list for PBXNativeTarget "ParseChatTests" */ = {
			isa = XCConfigurationList;
			buildConfigurations = (
				2FBF3C8624B38B62004E0DA8 /* Debug */,
				2FBF3C8724B38B62004E0DA8 /* Release */,
			);
			defaultConfigurationIsVisible = 0;
			defaultConfigurationName = Release;
		};
		2FBF3C8824B38B62004E0DA8 /* Build configuration list for PBXNativeTarget "ParseChatUITests" */ = {
			isa = XCConfigurationList;
			buildConfigurations = (
				2FBF3C8924B38B62004E0DA8 /* Debug */,
				2FBF3C8A24B38B62004E0DA8 /* Release */,
			);
			defaultConfigurationIsVisible = 0;
			defaultConfigurationName = Release;
		};
/* End XCConfigurationList section */
	};
	rootObject = 2FBF3C4B24B38B5E004E0DA8 /* Project object */;
}
